
Microsoft Visual Studio Solution File, Format Version 12.00
# Visual Studio Version 17
VisualStudioVersion = 17.0.32112.339
MinimumVisualStudioVersion = 10.0.40219.1
Project("{9A19103F-16F7-4668-BE54-9A1E7A4F7556}") = "Core", "Core\Core.csproj", "{FED2FA42-2B53-4EAD-B1AB-BF2321E29EFA}"
EndProject
Project("{9A19103F-16F7-4668-BE54-9A1E7A4F7556}") = "Persistence", "Persistence\Persistence.csproj", "{9F137A6B-4157-439F-9609-87FCF5640403}"
EndProject
Project("{9A19103F-16F7-4668-BE54-9A1E7A4F7556}") = "Application", "Application\Application.csproj", "{39F0FDEA-A53F-40AF-B07B-6898BC269E8E}"
EndProject
Project("{9A19103F-16F7-4668-BE54-9A1E7A4F7556}") = "API", "API\API.csproj", "{0BB87341-FF37-4711-8E9A-CCA20990A62B}"
EndProject
Project("{9A19103F-16F7-4668-BE54-9A1E7A4F7556}") = "Infrastructure", "Infrastructure\Infrastructure.csproj", "{53365782-0969-4282-AB03-7DC179CDBEDA}"
EndProject
Project("{FAE04EC0-301F-11D3-BF4B-00C04F79EFBC}") = "Repositories", "Repositories\Repositories.csproj", "{137016CB-4692-4B15-9467-AD42F1B2B927}"
EndProject
Global
	GlobalSection(SolutionConfigurationPlatforms) = preSolution
		Debug|Any CPU = Debug|Any CPU
		Release|Any CPU = Release|Any CPU
	EndGlobalSection
	GlobalSection(ProjectConfigurationPlatforms) = postSolution
		{FED2FA42-2B53-4EAD-B1AB-BF2321E29EFA}.Debug|Any CPU.ActiveCfg = Debug|Any CPU
		{FED2FA42-2B53-4EAD-B1AB-BF2321E29EFA}.Debug|Any CPU.Build.0 = Debug|Any CPU
		{FED2FA42-2B53-4EAD-B1AB-BF2321E29EFA}.Release|Any CPU.ActiveCfg = Release|Any CPU
		{FED2FA42-2B53-4EAD-B1AB-BF2321E29EFA}.Release|Any CPU.Build.0 = Release|Any CPU
		{9F137A6B-4157-439F-9609-87FCF5640403}.Debug|Any CPU.ActiveCfg = Debug|Any CPU
		{9F137A6B-4157-439F-9609-87FCF5640403}.Debug|Any CPU.Build.0 = Debug|Any CPU
		{9F137A6B-4157-439F-9609-87FCF5640403}.Release|Any CPU.ActiveCfg = Release|Any CPU
		{9F137A6B-4157-439F-9609-87FCF5640403}.Release|Any CPU.Build.0 = Release|Any CPU
		{39F0FDEA-A53F-40AF-B07B-6898BC269E8E}.Debug|Any CPU.ActiveCfg = Debug|Any CPU
		{39F0FDEA-A53F-40AF-B07B-6898BC269E8E}.Debug|Any CPU.Build.0 = Debug|Any CPU
		{39F0FDEA-A53F-40AF-B07B-6898BC269E8E}.Release|Any CPU.ActiveCfg = Release|Any CPU
		{39F0FDEA-A53F-40AF-B07B-6898BC269E8E}.Release|Any CPU.Build.0 = Release|Any CPU
		{0BB87341-FF37-4711-8E9A-CCA20990A62B}.Debug|Any CPU.ActiveCfg = Debug|Any CPU
		{0BB87341-FF37-4711-8E9A-CCA20990A62B}.Debug|Any CPU.Build.0 = Debug|Any CPU
		{0BB87341-FF37-4711-8E9A-CCA20990A62B}.Release|Any CPU.ActiveCfg = Release|Any CPU
		{0BB87341-FF37-4711-8E9A-CCA20990A62B}.Release|Any CPU.Build.0 = Release|Any CPU
		{53365782-0969-4282-AB03-7DC179CDBEDA}.Debug|Any CPU.ActiveCfg = Debug|Any CPU
		{53365782-0969-4282-AB03-7DC179CDBEDA}.Debug|Any CPU.Build.0 = Debug|Any CPU
		{53365782-0969-4282-AB03-7DC179CDBEDA}.Release|Any CPU.ActiveCfg = Release|Any CPU
		{53365782-0969-4282-AB03-7DC179CDBEDA}.Release|Any CPU.Build.0 = Release|Any CPU
		{137016CB-4692-4B15-9467-AD42F1B2B927}.Debug|Any CPU.ActiveCfg = Debug|Any CPU
		{137016CB-4692-4B15-9467-AD42F1B2B927}.Debug|Any CPU.Build.0 = Debug|Any CPU
		{137016CB-4692-4B15-9467-AD42F1B2B927}.Release|Any CPU.ActiveCfg = Release|Any CPU
		{137016CB-4692-4B15-9467-AD42F1B2B927}.Release|Any CPU.Build.0 = Release|Any CPU
	EndGlobalSection
	GlobalSection(SolutionProperties) = preSolution
		HideSolutionNode = FALSE
	EndGlobalSection
	GlobalSection(ExtensibilityGlobals) = postSolution
		SolutionGuid = {835E88E1-F218-491B-85F2-1A9285A4780C}
	EndGlobalSection
EndGlobal
